// !$*UTF8*$!
{
	archiveVersion = 1;
	classes = {
	};
	objectVersion = 48;
	objects = {

/* Begin PBXBuildFile section */
		2F14EF0323E8328C7D8FBB4C /* Pods_crafterCart.framework in Frameworks */ = {isa = PBXBuildFile; fileRef = 00A132E721E6EA640A332C08 /* Pods_crafterCart.framework */; };
		5C3EE25D6A75EB23FB777AC4 /* Pods_crafterCartTests.framework in Frameworks */ = {isa = PBXBuildFile; fileRef = 8D4437E384415A3FFF6C32B7 /* Pods_crafterCartTests.framework */; };
		6229F85120754F350040BCE9 /* AppDelegate.swift in Sources */ = {isa = PBXBuildFile; fileRef = 6229F85020754F350040BCE9 /* AppDelegate.swift */; };
		6229F85320754F350040BCE9 /* ViewController.swift in Sources */ = {isa = PBXBuildFile; fileRef = 6229F85220754F350040BCE9 /* ViewController.swift */; };
		6229F85620754F350040BCE9 /* Main.storyboard in Resources */ = {isa = PBXBuildFile; fileRef = 6229F85420754F350040BCE9 /* Main.storyboard */; };
		6229F85820754F350040BCE9 /* Assets.xcassets in Resources */ = {isa = PBXBuildFile; fileRef = 6229F85720754F350040BCE9 /* Assets.xcassets */; };
		6229F85B20754F350040BCE9 /* LaunchScreen.storyboard in Resources */ = {isa = PBXBuildFile; fileRef = 6229F85920754F350040BCE9 /* LaunchScreen.storyboard */; };
		6229F86620754F350040BCE9 /* crafterCartTests.swift in Sources */ = {isa = PBXBuildFile; fileRef = 6229F86520754F350040BCE9 /* crafterCartTests.swift */; };
		6229F87120754F350040BCE9 /* crafterCartUITests.swift in Sources */ = {isa = PBXBuildFile; fileRef = 6229F87020754F350040BCE9 /* crafterCartUITests.swift */; };
		8348F4C88CFC9F6B57E8F2ED /* Pods_crafterCartUITests.framework in Frameworks */ = {isa = PBXBuildFile; fileRef = 5A697F498A96226B5DBA2783 /* Pods_crafterCartUITests.framework */; };
/* End PBXBuildFile section */

/* Begin PBXContainerItemProxy section */
		6229F86220754F350040BCE9 /* PBXContainerItemProxy */ = {
			isa = PBXContainerItemProxy;
			containerPortal = 6229F84520754F350040BCE9 /* Project object */;
			proxyType = 1;
			remoteGlobalIDString = 6229F84C20754F350040BCE9;
			remoteInfo = crafterCart;
		};
		6229F86D20754F350040BCE9 /* PBXContainerItemProxy */ = {
			isa = PBXContainerItemProxy;
			containerPortal = 6229F84520754F350040BCE9 /* Project object */;
			proxyType = 1;
			remoteGlobalIDString = 6229F84C20754F350040BCE9;
			remoteInfo = crafterCart;
		};
/* End PBXContainerItemProxy section */

/* Begin PBXFileReference section */
		00A132E721E6EA640A332C08 /* Pods_crafterCart.framework */ = {isa = PBXFileReference; explicitFileType = wrapper.framework; includeInIndex = 0; path = Pods_crafterCart.framework; sourceTree = BUILT_PRODUCTS_DIR; };
		0836652DA0AD01C6915FCFFD /* Pods-crafterCartUITests.release.xcconfig */ = {isa = PBXFileReference; includeInIndex = 1; lastKnownFileType = text.xcconfig; name = "Pods-crafterCartUITests.release.xcconfig"; path = "Pods/Target Support Files/Pods-crafterCartUITests/Pods-crafterCartUITests.release.xcconfig"; sourceTree = "<group>"; };
		0EF69F2BEF2A72F74935E87F /* Pods-crafterCartTests.debug.xcconfig */ = {isa = PBXFileReference; includeInIndex = 1; lastKnownFileType = text.xcconfig; name = "Pods-crafterCartTests.debug.xcconfig"; path = "Pods/Target Support Files/Pods-crafterCartTests/Pods-crafterCartTests.debug.xcconfig"; sourceTree = "<group>"; };
		122A11824C6807F1CB0A7A12 /* Pods-crafterCartTests.release.xcconfig */ = {isa = PBXFileReference; includeInIndex = 1; lastKnownFileType = text.xcconfig; name = "Pods-crafterCartTests.release.xcconfig"; path = "Pods/Target Support Files/Pods-crafterCartTests/Pods-crafterCartTests.release.xcconfig"; sourceTree = "<group>"; };
		2A2C4894B757C29E04963883 /* Pods-crafterCartUITests.debug.xcconfig */ = {isa = PBXFileReference; includeInIndex = 1; lastKnownFileType = text.xcconfig; name = "Pods-crafterCartUITests.debug.xcconfig"; path = "Pods/Target Support Files/Pods-crafterCartUITests/Pods-crafterCartUITests.debug.xcconfig"; sourceTree = "<group>"; };
		36C5C440F8ABAE599BB1ACF5 /* Pods-crafterCart.release.xcconfig */ = {isa = PBXFileReference; includeInIndex = 1; lastKnownFileType = text.xcconfig; name = "Pods-crafterCart.release.xcconfig"; path = "Pods/Target Support Files/Pods-crafterCart/Pods-crafterCart.release.xcconfig"; sourceTree = "<group>"; };
		58AAF23FBCF1E97F5915AD82 /* Pods-crafterCart.debug.xcconfig */ = {isa = PBXFileReference; includeInIndex = 1; lastKnownFileType = text.xcconfig; name = "Pods-crafterCart.debug.xcconfig"; path = "Pods/Target Support Files/Pods-crafterCart/Pods-crafterCart.debug.xcconfig"; sourceTree = "<group>"; };
		5A697F498A96226B5DBA2783 /* Pods_crafterCartUITests.framework */ = {isa = PBXFileReference; explicitFileType = wrapper.framework; includeInIndex = 0; path = Pods_crafterCartUITests.framework; sourceTree = BUILT_PRODUCTS_DIR; };
		6229F84D20754F350040BCE9 /* crafterCart.app */ = {isa = PBXFileReference; explicitFileType = wrapper.application; includeInIndex = 0; path = crafterCart.app; sourceTree = BUILT_PRODUCTS_DIR; };
		6229F85020754F350040BCE9 /* AppDelegate.swift */ = {isa = PBXFileReference; lastKnownFileType = sourcecode.swift; path = AppDelegate.swift; sourceTree = "<group>"; };
		6229F85220754F350040BCE9 /* ViewController.swift */ = {isa = PBXFileReference; lastKnownFileType = sourcecode.swift; path = ViewController.swift; sourceTree = "<group>"; };
		6229F85520754F350040BCE9 /* Base */ = {isa = PBXFileReference; lastKnownFileType = file.storyboard; name = Base; path = Base.lproj/Main.storyboard; sourceTree = "<group>"; };
		6229F85720754F350040BCE9 /* Assets.xcassets */ = {isa = PBXFileReference; lastKnownFileType = folder.assetcatalog; path = Assets.xcassets; sourceTree = "<group>"; };
		6229F85A20754F350040BCE9 /* Base */ = {isa = PBXFileReference; lastKnownFileType = file.storyboard; name = Base; path = Base.lproj/LaunchScreen.storyboard; sourceTree = "<group>"; };
		6229F85C20754F350040BCE9 /* Info.plist */ = {isa = PBXFileReference; lastKnownFileType = text.plist.xml; path = Info.plist; sourceTree = "<group>"; };
		6229F86120754F350040BCE9 /* crafterCartTests.xctest */ = {isa = PBXFileReference; explicitFileType = wrapper.cfbundle; includeInIndex = 0; path = crafterCartTests.xctest; sourceTree = BUILT_PRODUCTS_DIR; };
		6229F86520754F350040BCE9 /* crafterCartTests.swift */ = {isa = PBXFileReference; lastKnownFileType = sourcecode.swift; path = crafterCartTests.swift; sourceTree = "<group>"; };
		6229F86720754F350040BCE9 /* Info.plist */ = {isa = PBXFileReference; lastKnownFileType = text.plist.xml; path = Info.plist; sourceTree = "<group>"; };
		6229F86C20754F350040BCE9 /* crafterCartUITests.xctest */ = {isa = PBXFileReference; explicitFileType = wrapper.cfbundle; includeInIndex = 0; path = crafterCartUITests.xctest; sourceTree = BUILT_PRODUCTS_DIR; };
		6229F87020754F350040BCE9 /* crafterCartUITests.swift */ = {isa = PBXFileReference; lastKnownFileType = sourcecode.swift; path = crafterCartUITests.swift; sourceTree = "<group>"; };
		6229F87220754F350040BCE9 /* Info.plist */ = {isa = PBXFileReference; lastKnownFileType = text.plist.xml; path = Info.plist; sourceTree = "<group>"; };
		8D4437E384415A3FFF6C32B7 /* Pods_crafterCartTests.framework */ = {isa = PBXFileReference; explicitFileType = wrapper.framework; includeInIndex = 0; path = Pods_crafterCartTests.framework; sourceTree = BUILT_PRODUCTS_DIR; };
/* End PBXFileReference section */

/* Begin PBXFrameworksBuildPhase section */
		6229F84A20754F350040BCE9 /* Frameworks */ = {
			isa = PBXFrameworksBuildPhase;
			buildActionMask = 2147483647;
			files = (
				2F14EF0323E8328C7D8FBB4C /* Pods_crafterCart.framework in Frameworks */,
			);
			runOnlyForDeploymentPostprocessing = 0;
		};
		6229F85E20754F350040BCE9 /* Frameworks */ = {
			isa = PBXFrameworksBuildPhase;
			buildActionMask = 2147483647;
			files = (
				5C3EE25D6A75EB23FB777AC4 /* Pods_crafterCartTests.framework in Frameworks */,
			);
			runOnlyForDeploymentPostprocessing = 0;
		};
		6229F86920754F350040BCE9 /* Frameworks */ = {
			isa = PBXFrameworksBuildPhase;
			buildActionMask = 2147483647;
			files = (
				8348F4C88CFC9F6B57E8F2ED /* Pods_crafterCartUITests.framework in Frameworks */,
			);
			runOnlyForDeploymentPostprocessing = 0;
		};
/* End PBXFrameworksBuildPhase section */

/* Begin PBXGroup section */
		0ECBED84169CA22FE902B863 /* Frameworks */ = {
			isa = PBXGroup;
			children = (
				00A132E721E6EA640A332C08 /* Pods_crafterCart.framework */,
				8D4437E384415A3FFF6C32B7 /* Pods_crafterCartTests.framework */,
				5A697F498A96226B5DBA2783 /* Pods_crafterCartUITests.framework */,
			);
			name = Frameworks;
			sourceTree = "<group>";
		};
		6229F84420754F350040BCE9 = {
			isa = PBXGroup;
			children = (
				6229F84F20754F350040BCE9 /* crafterCart */,
				6229F86420754F350040BCE9 /* crafterCartTests */,
				6229F86F20754F350040BCE9 /* crafterCartUITests */,
				6229F84E20754F350040BCE9 /* Products */,
				A60146C49E63D1B08E8B6FDF /* Pods */,
				0ECBED84169CA22FE902B863 /* Frameworks */,
			);
			sourceTree = "<group>";
		};
		6229F84E20754F350040BCE9 /* Products */ = {
			isa = PBXGroup;
			children = (
				6229F84D20754F350040BCE9 /* crafterCart.app */,
				6229F86120754F350040BCE9 /* crafterCartTests.xctest */,
				6229F86C20754F350040BCE9 /* crafterCartUITests.xctest */,
			);
			name = Products;
			sourceTree = "<group>";
		};
		6229F84F20754F350040BCE9 /* crafterCart */ = {
			isa = PBXGroup;
			children = (
				6229F85020754F350040BCE9 /* AppDelegate.swift */,
				6229F85220754F350040BCE9 /* ViewController.swift */,
				6229F85420754F350040BCE9 /* Main.storyboard */,
				6229F85720754F350040BCE9 /* Assets.xcassets */,
				6229F85920754F350040BCE9 /* LaunchScreen.storyboard */,
				6229F85C20754F350040BCE9 /* Info.plist */,
			);
			path = crafterCart;
			sourceTree = "<group>";
		};
		6229F86420754F350040BCE9 /* crafterCartTests */ = {
			isa = PBXGroup;
			children = (
				6229F86520754F350040BCE9 /* crafterCartTests.swift */,
				6229F86720754F350040BCE9 /* Info.plist */,
			);
			path = crafterCartTests;
			sourceTree = "<group>";
		};
		6229F86F20754F350040BCE9 /* crafterCartUITests */ = {
			isa = PBXGroup;
			children = (
				6229F87020754F350040BCE9 /* crafterCartUITests.swift */,
				6229F87220754F350040BCE9 /* Info.plist */,
			);
			path = crafterCartUITests;
			sourceTree = "<group>";
		};
		A60146C49E63D1B08E8B6FDF /* Pods */ = {
			isa = PBXGroup;
			children = (
				58AAF23FBCF1E97F5915AD82 /* Pods-crafterCart.debug.xcconfig */,
				36C5C440F8ABAE599BB1ACF5 /* Pods-crafterCart.release.xcconfig */,
				0EF69F2BEF2A72F74935E87F /* Pods-crafterCartTests.debug.xcconfig */,
				122A11824C6807F1CB0A7A12 /* Pods-crafterCartTests.release.xcconfig */,
				2A2C4894B757C29E04963883 /* Pods-crafterCartUITests.debug.xcconfig */,
				0836652DA0AD01C6915FCFFD /* Pods-crafterCartUITests.release.xcconfig */,
			);
			name = Pods;
			sourceTree = "<group>";
		};
/* End PBXGroup section */

/* Begin PBXNativeTarget section */
		6229F84C20754F350040BCE9 /* crafterCart */ = {
			isa = PBXNativeTarget;
			buildConfigurationList = 6229F87520754F350040BCE9 /* Build configuration list for PBXNativeTarget "crafterCart" */;
			buildPhases = (
				DC510E0955C2BC07F5037C65 /* [CP] Check Pods Manifest.lock */,
				6229F84920754F350040BCE9 /* Sources */,
				6229F84A20754F350040BCE9 /* Frameworks */,
				6229F84B20754F350040BCE9 /* Resources */,
				A1D53E762659AD9C9F9DF4A5 /* [CP] Embed Pods Frameworks */,
				A6AC9BF148FA996123F42EA7 /* [CP] Copy Pods Resources */,
			);
			buildRules = (
			);
			dependencies = (
			);
			name = crafterCart;
			productName = crafterCart;
			productReference = 6229F84D20754F350040BCE9 /* crafterCart.app */;
			productType = "com.apple.product-type.application";
		};
		6229F86020754F350040BCE9 /* crafterCartTests */ = {
			isa = PBXNativeTarget;
			buildConfigurationList = 6229F87820754F350040BCE9 /* Build configuration list for PBXNativeTarget "crafterCartTests" */;
			buildPhases = (
				62373651B6D56C2D15981257 /* [CP] Check Pods Manifest.lock */,
				6229F85D20754F350040BCE9 /* Sources */,
				6229F85E20754F350040BCE9 /* Frameworks */,
				6229F85F20754F350040BCE9 /* Resources */,
				5DBA5F68A5F9D40B1796A998 /* [CP] Embed Pods Frameworks */,
				624B43A99442D842FF8FD478 /* [CP] Copy Pods Resources */,
			);
			buildRules = (
			);
			dependencies = (
				6229F86320754F350040BCE9 /* PBXTargetDependency */,
			);
			name = crafterCartTests;
			productName = crafterCartTests;
			productReference = 6229F86120754F350040BCE9 /* crafterCartTests.xctest */;
			productType = "com.apple.product-type.bundle.unit-test";
		};
		6229F86B20754F350040BCE9 /* crafterCartUITests */ = {
			isa = PBXNativeTarget;
			buildConfigurationList = 6229F87B20754F350040BCE9 /* Build configuration list for PBXNativeTarget "crafterCartUITests" */;
			buildPhases = (
				CCE026F21F49B699EA007B57 /* [CP] Check Pods Manifest.lock */,
				6229F86820754F350040BCE9 /* Sources */,
				6229F86920754F350040BCE9 /* Frameworks */,
				6229F86A20754F350040BCE9 /* Resources */,
				D9E04F753EFE973EF787DA4A /* [CP] Embed Pods Frameworks */,
				F5DBDF76AE5B6F91C84CF982 /* [CP] Copy Pods Resources */,
			);
			buildRules = (
			);
			dependencies = (
				6229F86E20754F350040BCE9 /* PBXTargetDependency */,
			);
			name = crafterCartUITests;
			productName = crafterCartUITests;
			productReference = 6229F86C20754F350040BCE9 /* crafterCartUITests.xctest */;
			productType = "com.apple.product-type.bundle.ui-testing";
		};
/* End PBXNativeTarget section */

/* Begin PBXProject section */
		6229F84520754F350040BCE9 /* Project object */ = {
			isa = PBXProject;
			attributes = {
				LastSwiftUpdateCheck = 0920;
				LastUpgradeCheck = 0920;
				ORGANIZATIONNAME = Student;
				TargetAttributes = {
					6229F84C20754F350040BCE9 = {
						CreatedOnToolsVersion = 9.2;
						ProvisioningStyle = Automatic;
					};
					6229F86020754F350040BCE9 = {
						CreatedOnToolsVersion = 9.2;
						ProvisioningStyle = Automatic;
						TestTargetID = 6229F84C20754F350040BCE9;
					};
					6229F86B20754F350040BCE9 = {
						CreatedOnToolsVersion = 9.2;
						ProvisioningStyle = Automatic;
						TestTargetID = 6229F84C20754F350040BCE9;
					};
				};
			};
			buildConfigurationList = 6229F84820754F350040BCE9 /* Build configuration list for PBXProject "crafterCart" */;
			compatibilityVersion = "Xcode 8.0";
			developmentRegion = en;
			hasScannedForEncodings = 0;
			knownRegions = (
				en,
				Base,
			);
			mainGroup = 6229F84420754F350040BCE9;
			productRefGroup = 6229F84E20754F350040BCE9 /* Products */;
			projectDirPath = "";
			projectRoot = "";
			targets = (
				6229F84C20754F350040BCE9 /* crafterCart */,
				6229F86020754F350040BCE9 /* crafterCartTests */,
				6229F86B20754F350040BCE9 /* crafterCartUITests */,
			);
		};
/* End PBXProject section */

/* Begin PBXResourcesBuildPhase section */
		6229F84B20754F350040BCE9 /* Resources */ = {
			isa = PBXResourcesBuildPhase;
			buildActionMask = 2147483647;
			files = (
				6229F85B20754F350040BCE9 /* LaunchScreen.storyboard in Resources */,
				6229F85820754F350040BCE9 /* Assets.xcassets in Resources */,
				6229F85620754F350040BCE9 /* Main.storyboard in Resources */,
			);
			runOnlyForDeploymentPostprocessing = 0;
		};
		6229F85F20754F350040BCE9 /* Resources */ = {
			isa = PBXResourcesBuildPhase;
			buildActionMask = 2147483647;
			files = (
			);
			runOnlyForDeploymentPostprocessing = 0;
		};
		6229F86A20754F350040BCE9 /* Resources */ = {
			isa = PBXResourcesBuildPhase;
			buildActionMask = 2147483647;
			files = (
			);
			runOnlyForDeploymentPostprocessing = 0;
		};
/* End PBXResourcesBuildPhase section */

/* Begin PBXShellScriptBuildPhase section */
		5DBA5F68A5F9D40B1796A998 /* [CP] Embed Pods Frameworks */ = {
			isa = PBXShellScriptBuildPhase;
			buildActionMask = 2147483647;
			files = (
			);
			inputPaths = (
			);
			name = "[CP] Embed Pods Frameworks";
			outputPaths = (
			);
			runOnlyForDeploymentPostprocessing = 0;
			shellPath = /bin/sh;
			shellScript = "\"${SRCROOT}/Pods/Target Support Files/Pods-crafterCartTests/Pods-crafterCartTests-frameworks.sh\"\n";
			showEnvVarsInLog = 0;
		};
		62373651B6D56C2D15981257 /* [CP] Check Pods Manifest.lock */ = {
			isa = PBXShellScriptBuildPhase;
			buildActionMask = 2147483647;
			files = (
			);
			inputPaths = (
			);
			name = "[CP] Check Pods Manifest.lock";
			outputPaths = (
			);
			runOnlyForDeploymentPostprocessing = 0;
			shellPath = /bin/sh;
			shellScript = "diff \"${PODS_ROOT}/../Podfile.lock\" \"${PODS_ROOT}/Manifest.lock\" > /dev/null\nif [ $? != 0 ] ; then\n    # print error to STDERR\n    echo \"error: The sandbox is not in sync with the Podfile.lock. Run 'pod install' or update your CocoaPods installation.\" >&2\n    exit 1\nfi\n";
			showEnvVarsInLog = 0;
		};
		624B43A99442D842FF8FD478 /* [CP] Copy Pods Resources */ = {
			isa = PBXShellScriptBuildPhase;
			buildActionMask = 2147483647;
			files = (
			);
			inputPaths = (
			);
			name = "[CP] Copy Pods Resources";
			outputPaths = (
			);
			runOnlyForDeploymentPostprocessing = 0;
			shellPath = /bin/sh;
			shellScript = "\"${SRCROOT}/Pods/Target Support Files/Pods-crafterCartTests/Pods-crafterCartTests-resources.sh\"\n";
			showEnvVarsInLog = 0;
		};
		A1D53E762659AD9C9F9DF4A5 /* [CP] Embed Pods Frameworks */ = {
			isa = PBXShellScriptBuildPhase;
			buildActionMask = 2147483647;
			files = (
			);
			inputPaths = (
			);
			name = "[CP] Embed Pods Frameworks";
			outputPaths = (
			);
			runOnlyForDeploymentPostprocessing = 0;
			shellPath = /bin/sh;
			shellScript = "\"${SRCROOT}/Pods/Target Support Files/Pods-crafterCart/Pods-crafterCart-frameworks.sh\"\n";
			showEnvVarsInLog = 0;
		};
		A6AC9BF148FA996123F42EA7 /* [CP] Copy Pods Resources */ = {
			isa = PBXShellScriptBuildPhase;
			buildActionMask = 2147483647;
			files = (
			);
			inputPaths = (
			);
			name = "[CP] Copy Pods Resources";
			outputPaths = (
			);
			runOnlyForDeploymentPostprocessing = 0;
			shellPath = /bin/sh;
			shellScript = "\"${SRCROOT}/Pods/Target Support Files/Pods-crafterCart/Pods-crafterCart-resources.sh\"\n";
			showEnvVarsInLog = 0;
		};
		CCE026F21F49B699EA007B57 /* [CP] Check Pods Manifest.lock */ = {
			isa = PBXShellScriptBuildPhase;
			buildActionMask = 2147483647;
			files = (
			);
			inputPaths = (
			);
			name = "[CP] Check Pods Manifest.lock";
			outputPaths = (
			);
			runOnlyForDeploymentPostprocessing = 0;
			shellPath = /bin/sh;
			shellScript = "diff \"${PODS_ROOT}/../Podfile.lock\" \"${PODS_ROOT}/Manifest.lock\" > /dev/null\nif [ $? != 0 ] ; then\n    # print error to STDERR\n    echo \"error: The sandbox is not in sync with the Podfile.lock. Run 'pod install' or update your CocoaPods installation.\" >&2\n    exit 1\nfi\n";
			showEnvVarsInLog = 0;
		};
		D9E04F753EFE973EF787DA4A /* [CP] Embed Pods Frameworks */ = {
			isa = PBXShellScriptBuildPhase;
			buildActionMask = 2147483647;
			files = (
			);
			inputPaths = (
			);
			name = "[CP] Embed Pods Frameworks";
			outputPaths = (
			);
			runOnlyForDeploymentPostprocessing = 0;
			shellPath = /bin/sh;
			shellScript = "\"${SRCROOT}/Pods/Target Support Files/Pods-crafterCartUITests/Pods-crafterCartUITests-frameworks.sh\"\n";
			showEnvVarsInLog = 0;
		};
		DC510E0955C2BC07F5037C65 /* [CP] Check Pods Manifest.lock */ = {
			isa = PBXShellScriptBuildPhase;
			buildActionMask = 2147483647;
			files = (
			);
			inputPaths = (
			);
			name = "[CP] Check Pods Manifest.lock";
			outputPaths = (
			);
			runOnlyForDeploymentPostprocessing = 0;
			shellPath = /bin/sh;
			shellScript = "diff \"${PODS_ROOT}/../Podfile.lock\" \"${PODS_ROOT}/Manifest.lock\" > /dev/null\nif [ $? != 0 ] ; then\n    # print error to STDERR\n    echo \"error: The sandbox is not in sync with the Podfile.lock. Run 'pod install' or update your CocoaPods installation.\" >&2\n    exit 1\nfi\n";
			showEnvVarsInLog = 0;
		};
		F5DBDF76AE5B6F91C84CF982 /* [CP] Copy Pods Resources */ = {
			isa = PBXShellScriptBuildPhase;
			buildActionMask = 2147483647;
			files = (
			);
			inputPaths = (
			);
			name = "[CP] Copy Pods Resources";
			outputPaths = (
			);
			runOnlyForDeploymentPostprocessing = 0;
			shellPath = /bin/sh;
			shellScript = "\"${SRCROOT}/Pods/Target Support Files/Pods-crafterCartUITests/Pods-crafterCartUITests-resources.sh\"\n";
			showEnvVarsInLog = 0;
		};
/* End PBXShellScriptBuildPhase section */

/* Begin PBXSourcesBuildPhase section */
		6229F84920754F350040BCE9 /* Sources */ = {
			isa = PBXSourcesBuildPhase;
			buildActionMask = 2147483647;
			files = (
				6229F85320754F350040BCE9 /* ViewController.swift in Sources */,
				6229F85120754F350040BCE9 /* AppDelegate.swift in Sources */,
			);
			runOnlyForDeploymentPostprocessing = 0;
		};
		6229F85D20754F350040BCE9 /* Sources */ = {
			isa = PBXSourcesBuildPhase;
			buildActionMask = 2147483647;
			files = (
				6229F86620754F350040BCE9 /* crafterCartTests.swift in Sources */,
			);
			runOnlyForDeploymentPostprocessing = 0;
		};
		6229F86820754F350040BCE9 /* Sources */ = {
			isa = PBXSourcesBuildPhase;
			buildActionMask = 2147483647;
			files = (
				6229F87120754F350040BCE9 /* crafterCartUITests.swift in Sources */,
			);
			runOnlyForDeploymentPostprocessing = 0;
		};
/* End PBXSourcesBuildPhase section */

/* Begin PBXTargetDependency section */
		6229F86320754F350040BCE9 /* PBXTargetDependency */ = {
			isa = PBXTargetDependency;
			target = 6229F84C20754F350040BCE9 /* crafterCart */;
			targetProxy = 6229F86220754F350040BCE9 /* PBXContainerItemProxy */;
		};
		6229F86E20754F350040BCE9 /* PBXTargetDependency */ = {
			isa = PBXTargetDependency;
			target = 6229F84C20754F350040BCE9 /* crafterCart */;
			targetProxy = 6229F86D20754F350040BCE9 /* PBXContainerItemProxy */;
		};
/* End PBXTargetDependency section */

/* Begin PBXVariantGroup section */
		6229F85420754F350040BCE9 /* Main.storyboard */ = {
			isa = PBXVariantGroup;
			children = (
				6229F85520754F350040BCE9 /* Base */,
			);
			name = Main.storyboard;
			sourceTree = "<group>";
		};
		6229F85920754F350040BCE9 /* LaunchScreen.storyboard */ = {
			isa = PBXVariantGroup;
			children = (
				6229F85A20754F350040BCE9 /* Base */,
			);
			name = LaunchScreen.storyboard;
			sourceTree = "<group>";
		};
/* End PBXVariantGroup section */

/* Begin XCBuildConfiguration section */
		6229F87320754F350040BCE9 /* Debug */ = {
			isa = XCBuildConfiguration;
			buildSettings = {
				ALWAYS_SEARCH_USER_PATHS = NO;
				CLANG_ANALYZER_NONNULL = YES;
				CLANG_ANALYZER_NUMBER_OBJECT_CONVERSION = YES_AGGRESSIVE;
				CLANG_CXX_LANGUAGE_STANDARD = "gnu++14";
				CLANG_CXX_LIBRARY = "libc++";
				CLANG_ENABLE_MODULES = YES;
				CLANG_ENABLE_OBJC_ARC = YES;
				CLANG_WARN_BLOCK_CAPTURE_AUTORELEASING = YES;
				CLANG_WARN_BOOL_CONVERSION = YES;
				CLANG_WARN_COMMA = YES;
				CLANG_WARN_CONSTANT_CONVERSION = YES;
				CLANG_WARN_DIRECT_OBJC_ISA_USAGE = YES_ERROR;
				CLANG_WARN_DOCUMENTATION_COMMENTS = YES;
				CLANG_WARN_EMPTY_BODY = YES;
				CLANG_WARN_ENUM_CONVERSION = YES;
				CLANG_WARN_INFINITE_RECURSION = YES;
				CLANG_WARN_INT_CONVERSION = YES;
				CLANG_WARN_NON_LITERAL_NULL_CONVERSION = YES;
				CLANG_WARN_OBJC_LITERAL_CONVERSION = YES;
				CLANG_WARN_OBJC_ROOT_CLASS = YES_ERROR;
				CLANG_WARN_RANGE_LOOP_ANALYSIS = YES;
				CLANG_WARN_STRICT_PROTOTYPES = YES;
				CLANG_WARN_SUSPICIOUS_MOVE = YES;
				CLANG_WARN_UNGUARDED_AVAILABILITY = YES_AGGRESSIVE;
				CLANG_WARN_UNREACHABLE_CODE = YES;
				CLANG_WARN__DUPLICATE_METHOD_MATCH = YES;
				CODE_SIGN_IDENTITY = "iPhone Developer";
				COPY_PHASE_STRIP = NO;
				DEBUG_INFORMATION_FORMAT = dwarf;
				ENABLE_STRICT_OBJC_MSGSEND = YES;
				ENABLE_TESTABILITY = YES;
				GCC_C_LANGUAGE_STANDARD = gnu11;
				GCC_DYNAMIC_NO_PIC = NO;
				GCC_NO_COMMON_BLOCKS = YES;
				GCC_OPTIMIZATION_LEVEL = 0;
				GCC_PREPROCESSOR_DEFINITIONS = (
					"DEBUG=1",
					"$(inherited)",
				);
				GCC_WARN_64_TO_32_BIT_CONVERSION = YES;
				GCC_WARN_ABOUT_RETURN_TYPE = YES_ERROR;
				GCC_WARN_UNDECLARED_SELECTOR = YES;
				GCC_WARN_UNINITIALIZED_AUTOS = YES_AGGRESSIVE;
				GCC_WARN_UNUSED_FUNCTION = YES;
				GCC_WARN_UNUSED_VARIABLE = YES;
				IPHONEOS_DEPLOYMENT_TARGET = 11.2;
				MTL_ENABLE_DEBUG_INFO = YES;
				ONLY_ACTIVE_ARCH = YES;
				SDKROOT = iphoneos;
				SWIFT_ACTIVE_COMPILATION_CONDITIONS = DEBUG;
				SWIFT_OPTIMIZATION_LEVEL = "-Onone";
			};
			name = Debug;
		};
		6229F87420754F350040BCE9 /* Release */ = {
			isa = XCBuildConfiguration;
			buildSettings = {
				ALWAYS_SEARCH_USER_PATHS = NO;
				CLANG_ANALYZER_NONNULL = YES;
				CLANG_ANALYZER_NUMBER_OBJECT_CONVERSION = YES_AGGRESSIVE;
				CLANG_CXX_LANGUAGE_STANDARD = "gnu++14";
				CLANG_CXX_LIBRARY = "libc++";
				CLANG_ENABLE_MODULES = YES;
				CLANG_ENABLE_OBJC_ARC = YES;
				CLANG_WARN_BLOCK_CAPTURE_AUTORELEASING = YES;
				CLANG_WARN_BOOL_CONVERSION = YES;
				CLANG_WARN_COMMA = YES;
				CLANG_WARN_CONSTANT_CONVERSION = YES;
				CLANG_WARN_DIRECT_OBJC_ISA_USAGE = YES_ERROR;
				CLANG_WARN_DOCUMENTATION_COMMENTS = YES;
				CLANG_WARN_EMPTY_BODY = YES;
				CLANG_WARN_ENUM_CONVERSION = YES;
				CLANG_WARN_INFINITE_RECURSION = YES;
				CLANG_WARN_INT_CONVERSION = YES;
				CLANG_WARN_NON_LITERAL_NULL_CONVERSION = YES;
				CLANG_WARN_OBJC_LITERAL_CONVERSION = YES;
				CLANG_WARN_OBJC_ROOT_CLASS = YES_ERROR;
				CLANG_WARN_RANGE_LOOP_ANALYSIS = YES;
				CLANG_WARN_STRICT_PROTOTYPES = YES;
				CLANG_WARN_SUSPICIOUS_MOVE = YES;
				CLANG_WARN_UNGUARDED_AVAILABILITY = YES_AGGRESSIVE;
				CLANG_WARN_UNREACHABLE_CODE = YES;
				CLANG_WARN__DUPLICATE_METHOD_MATCH = YES;
				CODE_SIGN_IDENTITY = "iPhone Developer";
				COPY_PHASE_STRIP = NO;
				DEBUG_INFORMATION_FORMAT = "dwarf-with-dsym";
				ENABLE_NS_ASSERTIONS = NO;
				ENABLE_STRICT_OBJC_MSGSEND = YES;
				GCC_C_LANGUAGE_STANDARD = gnu11;
				GCC_NO_COMMON_BLOCKS = YES;
				GCC_WARN_64_TO_32_BIT_CONVERSION = YES;
				GCC_WARN_ABOUT_RETURN_TYPE = YES_ERROR;
				GCC_WARN_UNDECLARED_SELECTOR = YES;
				GCC_WARN_UNINITIALIZED_AUTOS = YES_AGGRESSIVE;
				GCC_WARN_UNUSED_FUNCTION = YES;
				GCC_WARN_UNUSED_VARIABLE = YES;
				IPHONEOS_DEPLOYMENT_TARGET = 11.2;
				MTL_ENABLE_DEBUG_INFO = NO;
				SDKROOT = iphoneos;
				SWIFT_OPTIMIZATION_LEVEL = "-Owholemodule";
				VALIDATE_PRODUCT = YES;
			};
			name = Release;
		};
		6229F87620754F350040BCE9 /* Debug */ = {
			isa = XCBuildConfiguration;
			baseConfigurationReference = 58AAF23FBCF1E97F5915AD82 /* Pods-crafterCart.debug.xcconfig */;
			buildSettings = {
				ASSETCATALOG_COMPILER_APPICON_NAME = AppIcon;
				CODE_SIGN_STYLE = Automatic;
				DEVELOPMENT_TEAM = 659QZK29AL;
				INFOPLIST_FILE = crafterCart/Info.plist;
				IPHONEOS_DEPLOYMENT_TARGET = 11.0;
				LD_RUNPATH_SEARCH_PATHS = "$(inherited) @executable_path/Frameworks";
				PRODUCT_BUNDLE_IDENTIFIER = com.learning.crafterCart;
				PRODUCT_NAME = "$(TARGET_NAME)";
				SWIFT_VERSION = 4.0;
				TARGETED_DEVICE_FAMILY = "1,2";
			};
			name = Debug;
		};
		6229F87720754F350040BCE9 /* Release */ = {
			isa = XCBuildConfiguration;
			baseConfigurationReference = 36C5C440F8ABAE599BB1ACF5 /* Pods-crafterCart.release.xcconfig */;
			buildSettings = {
				ASSETCATALOG_COMPILER_APPICON_NAME = AppIcon;
				CODE_SIGN_STYLE = Automatic;
				DEVELOPMENT_TEAM = 659QZK29AL;
				INFOPLIST_FILE = crafterCart/Info.plist;
				IPHONEOS_DEPLOYMENT_TARGET = 11.0;
				LD_RUNPATH_SEARCH_PATHS = "$(inherited) @executable_path/Frameworks";
				PRODUCT_BUNDLE_IDENTIFIER = com.learning.crafterCart;
				PRODUCT_NAME = "$(TARGET_NAME)";
				SWIFT_VERSION = 4.0;
				TARGETED_DEVICE_FAMILY = "1,2";
			};
			name = Release;
		};
		6229F87920754F350040BCE9 /* Debug */ = {
			isa = XCBuildConfiguration;
			baseConfigurationReference = 0EF69F2BEF2A72F74935E87F /* Pods-crafterCartTests.debug.xcconfig */;
			buildSettings = {
				ALWAYS_EMBED_SWIFT_STANDARD_LIBRARIES = YES;
				BUNDLE_LOADER = "$(TEST_HOST)";
				CODE_SIGN_STYLE = Automatic;
				INFOPLIST_FILE = crafterCartTests/Info.plist;
				LD_RUNPATH_SEARCH_PATHS = "$(inherited) @executable_path/Frameworks @loader_path/Frameworks";
				PRODUCT_BUNDLE_IDENTIFIER = com.learning.crafterCartTests;
				PRODUCT_NAME = "$(TARGET_NAME)";
				SWIFT_VERSION = 4.0;
				TARGETED_DEVICE_FAMILY = "1,2";
				TEST_HOST = "$(BUILT_PRODUCTS_DIR)/crafterCart.app/crafterCart";
			};
			name = Debug;
		};
		6229F87A20754F350040BCE9 /* Release */ = {
			isa = XCBuildConfiguration;
			baseConfigurationReference = 122A11824C6807F1CB0A7A12 /* Pods-crafterCartTests.release.xcconfig */;
			buildSettings = {
				ALWAYS_EMBED_SWIFT_STANDARD_LIBRARIES = YES;
				BUNDLE_LOADER = "$(TEST_HOST)";
				CODE_SIGN_STYLE = Automatic;
				INFOPLIST_FILE = crafterCartTests/Info.plist;
				LD_RUNPATH_SEARCH_PATHS = "$(inherited) @executable_path/Frameworks @loader_path/Frameworks";
				PRODUCT_BUNDLE_IDENTIFIER = com.learning.crafterCartTests;
				PRODUCT_NAME = "$(TARGET_NAME)";
				SWIFT_VERSION = 4.0;
				TARGETED_DEVICE_FAMILY = "1,2";
				TEST_HOST = "$(BUILT_PRODUCTS_DIR)/crafterCart.app/crafterCart";
			};
			name = Release;
		};
		6229F87C20754F350040BCE9 /* Debug */ = {
			isa = XCBuildConfiguration;
			baseConfigurationReference = 2A2C4894B757C29E04963883 /* Pods-crafterCartUITests.debug.xcconfig */;
			buildSettings = {
				ALWAYS_EMBED_SWIFT_STANDARD_LIBRARIES = YES;
				CODE_SIGN_STYLE = Automatic;
				INFOPLIST_FILE = crafterCartUITests/Info.plist;
				LD_RUNPATH_SEARCH_PATHS = "$(inherited) @executable_path/Frameworks @loader_path/Frameworks";
				PRODUCT_BUNDLE_IDENTIFIER = com.learning.crafterCartUITests;
				PRODUCT_NAME = "$(TARGET_NAME)";
				SWIFT_VERSION = 4.0;
				TARGETED_DEVICE_FAMILY = "1,2";
				TEST_TARGET_NAME = crafterCart;
			};
			name = Debug;
		};
		6229F87D20754F350040BCE9 /* Release */ = {
			isa = XCBuildConfiguration;
			baseConfigurationReference = 0836652DA0AD01C6915FCFFD /* Pods-crafterCartUITests.release.xcconfig */;
			buildSettings = {
				ALWAYS_EMBED_SWIFT_STANDARD_LIBRARIES = YES;
				CODE_SIGN_STYLE = Automatic;
				INFOPLIST_FILE = crafterCartUITests/Info.plist;
				LD_RUNPATH_SEARCH_PATHS = "$(inherited) @executable_path/Frameworks @loader_path/Frameworks";
				PRODUCT_BUNDLE_IDENTIFIER = com.learning.crafterCartUITests;
				PRODUCT_NAME = "$(TARGET_NAME)";
				SWIFT_VERSION = 4.0;
				TARGETED_DEVICE_FAMILY = "1,2";
				TEST_TARGET_NAME = crafterCart;
			};
			name = Release;
		};
/* End XCBuildConfiguration section */

/* Begin XCConfigurationList section */
		6229F84820754F350040BCE9 /* Build configuration list for PBXProject "crafterCart" */ = {
			isa = XCConfigurationList;
			buildConfigurations = (
				6229F87320754F350040BCE9 /* Debug */,
				6229F87420754F350040BCE9 /* Release */,
			);
			defaultConfigurationIsVisible = 0;
			defaultConfigurationName = Release;
		};
		6229F87520754F350040BCE9 /* Build configuration list for PBXNativeTarget "crafterCart" */ = {
			isa = XCConfigurationList;
			buildConfigurations = (
				6229F87620754F350040BCE9 /* Debug */,
				6229F87720754F350040BCE9 /* Release */,
			);
			defaultConfigurationIsVisible = 0;
			defaultConfigurationName = Release;
		};
		6229F87820754F350040BCE9 /* Build configuration list for PBXNativeTarget "crafterCartTests" */ = {
			isa = XCConfigurationList;
			buildConfigurations = (
				6229F87920754F350040BCE9 /* Debug */,
				6229F87A20754F350040BCE9 /* Release */,
			);
			defaultConfigurationIsVisible = 0;
			defaultConfigurationName = Release;
		};
		6229F87B20754F350040BCE9 /* Build configuration list for PBXNativeTarget "crafterCartUITests" */ = {
			isa = XCConfigurationList;
			buildConfigurations = (
				6229F87C20754F350040BCE9 /* Debug */,
				6229F87D20754F350040BCE9 /* Release */,
			);
			defaultConfigurationIsVisible = 0;
			defaultConfigurationName = Release;
		};
/* End XCConfigurationList section */
	};
	rootObject = 6229F84520754F350040BCE9 /* Project object */;
}
